{
  "version": 4,
  "terraform_version": "0.12.29",
  "serial": 19,
  "lineage": "2b6e90bd-e4a3-0a5e-c5d2-a1f6a158059a",
  "outputs": {
    "azs": {
      "value": [
        "eu-west-2a",
        "eu-wesst-2b",
        "eu-west-2c"
      ],
      "type": [
        "list",
        "string"
      ]
    },
    "db_instance_password": {
      "value": "admin-password",
      "type": "string",
      "sensitive": true
    },
    "name": {
      "value": "non-production",
      "type": "string"
    },
    "nat_public_ips": {
      "value": [
        "3.8.245.243"
      ],
      "type": [
        "tuple",
        [
          "string"
        ]
      ]
    },
    "vpc_cidr_block": {
      "value": "10.10.0.0/16",
      "type": "string"
    },
    "vpc_id": {
      "value": "vpc-0bbf3a918a1bbe1a4",
      "type": "string"
    }
  },
  "resources": [
    {
      "mode": "data",
      "type": "aws_ami",
      "name": "ubuntu",
      "provider": "provider.aws",
      "instances": [
        {
          "schema_version": 0,
          "attributes": {
            "architecture": "x86_64",
            "arn": "arn:aws:ec2:eu-west-2::image/ami-03baa6e330bed0b71",
            "block_device_mappings": [
              {
                "device_name": "/dev/sda1",
                "ebs": {
                  "delete_on_termination": "true",
                  "encrypted": "false",
                  "iops": "0",
                  "snapshot_id": "snap-09c057a683b651c91",
                  "volume_size": "8",
                  "volume_type": "gp2"
                },
                "no_device": "",
                "virtual_name": ""
              },
              {
                "device_name": "/dev/sdb",
                "ebs": {},
                "no_device": "",
                "virtual_name": "ephemeral0"
              },
              {
                "device_name": "/dev/sdc",
                "ebs": {},
                "no_device": "",
                "virtual_name": "ephemeral1"
              }
            ],
            "creation_date": "2020-08-17T16:46:48.000Z",
            "description": "Canonical, Ubuntu, 16.04 LTS, amd64 xenial image build on 2020-08-14",
            "executable_users": null,
            "filter": [
              {
                "name": "name",
                "values": [
                  "ubuntu/images/hvm-ssd/ubuntu-xenial-16.04-amd64-server-*"
                ]
              },
              {
                "name": "virtualization-type",
                "values": [
                  "hvm"
                ]
              }
            ],
            "hypervisor": "xen",
            "id": "ami-03baa6e330bed0b71",
            "image_id": "ami-03baa6e330bed0b71",
            "image_location": "099720109477/ubuntu/images/hvm-ssd/ubuntu-xenial-16.04-amd64-server-20200814",
            "image_owner_alias": null,
            "image_type": "machine",
            "kernel_id": null,
            "most_recent": true,
            "name": "ubuntu/images/hvm-ssd/ubuntu-xenial-16.04-amd64-server-20200814",
            "name_regex": null,
            "owner_id": "099720109477",
            "owners": [
              "099720109477"
            ],
            "platform": null,
            "product_codes": [],
            "public": true,
            "ramdisk_id": null,
            "root_device_name": "/dev/sda1",
            "root_device_type": "ebs",
            "root_snapshot_id": "snap-09c057a683b651c91",
            "sriov_net_support": "simple",
            "state": "available",
            "state_reason": {
              "code": "UNSET",
              "message": "UNSET"
            },
            "tags": {},
            "virtualization_type": "hvm"
          }
        }
      ]
    },
    {
      "module": "module.rds.module.db_instance",
      "mode": "data",
      "type": "aws_iam_policy_document",
      "name": "enhanced_monitoring",
      "provider": "provider.aws",
      "instances": [
        {
          "schema_version": 0,
          "attributes": {
            "id": "1813475199",
            "json": "{\n  \"Version\": \"2012-10-17\",\n  \"Statement\": [\n    {\n      \"Sid\": \"\",\n      \"Effect\": \"Allow\",\n      \"Action\": \"sts:AssumeRole\",\n      \"Principal\": {\n        \"Service\": \"monitoring.rds.amazonaws.com\"\n      }\n    }\n  ]\n}",
            "override_json": null,
            "policy_id": null,
            "source_json": null,
            "statement": [
              {
                "actions": [
                  "sts:AssumeRole"
                ],
                "condition": [],
                "effect": "Allow",
                "not_actions": [],
                "not_principals": [],
                "not_resources": [],
                "principals": [
                  {
                    "identifiers": [
                      "monitoring.rds.amazonaws.com"
                    ],
                    "type": "Service"
                  }
                ],
                "resources": [],
                "sid": ""
              }
            ],
            "version": "2012-10-17"
          }
        }
      ]
    },
    {
      "mode": "data",
      "type": "aws_security_group",
      "name": "default",
      "provider": "provider.aws",
      "instances": [
        {
          "schema_version": 0,
          "attributes": {
            "arn": "arn:aws:ec2:eu-west-2:819370969351:security-group/sg-06f22447110091d0c",
            "description": "default VPC security group",
            "filter": null,
            "id": "sg-06f22447110091d0c",
            "name": "default",
            "tags": {},
            "vpc_id": "vpc-0bbf3a918a1bbe1a4"
          }
        }
      ]
    },
    {
      "module": "module.ec2",
      "mode": "managed",
      "type": "aws_autoscaling_group",
      "name": "default",
      "each": "list",
      "provider": "provider.aws",
      "instances": []
    },
    {
      "module": "module.ec2",
      "mode": "managed",
      "type": "aws_autoscaling_group",
      "name": "this_with_initial_lifecycle_hook",
      "each": "list",
      "provider": "provider.aws",
      "instances": []
    },
    {
      "module": "module.rds.module.db_instance",
      "mode": "managed",
      "type": "aws_db_instance",
      "name": "rds",
      "each": "list",
      "provider": "provider.aws",
      "instances": []
    },
    {
      "module": "module.rds.module.db_instance",
      "mode": "managed",
      "type": "aws_db_instance",
      "name": "rds_mssql",
      "each": "list",
      "provider": "provider.aws",
      "instances": []
    },
    {
      "module": "module.rds.module.db_option_group",
      "mode": "managed",
      "type": "aws_db_option_group",
      "name": "rds",
      "each": "list",
      "provider": "provider.aws",
      "instances": [
        {
          "index_key": 0,
          "schema_version": 0,
          "attributes": {
            "arn": "arn:aws:rds:eu-west-2:819370969351:og:non-production-db-mysql-20200830141346450200000002",
            "engine_name": "mysql",
            "id": "non-production-db-mysql-20200830141346450200000002",
            "major_engine_version": "5.7",
            "name": "non-production-db-mysql-20200830141346450200000002",
            "name_prefix": "non-production-db-mysql-",
            "option": [
              {
                "db_security_group_memberships": [],
                "option_name": "MARIADB_AUDIT_PLUGIN",
                "option_settings": [
                  {
                    "name": "SERVER_AUDIT_EVENTS",
                    "value": "CONNECT"
                  },
                  {
                    "name": "SERVER_AUDIT_FILE_ROTATIONS",
                    "value": "37"
                  }
                ],
                "port": null,
                "version": "",
                "vpc_security_group_memberships": []
              }
            ],
            "option_group_description": "Option group for non-production-db-mysql",
            "tags": {
              "Environment": "non-production",
              "Name": "non-production-db-mysql",
              "Owner": "DevOps"
            },
            "timeouts": {
              "delete": "15m"
            }
          },
          "private": "eyJlMmJmYjczMC1lY2FhLTExZTYtOGY4OC0zNDM2M2JjN2M0YzAiOnsiZGVsZXRlIjo5MDAwMDAwMDAwMDB9fQ=="
        }
      ]
    },
    {
      "module": "module.rds.module.db_parameter_group",
      "mode": "managed",
      "type": "aws_db_parameter_group",
      "name": "rds",
      "each": "list",
      "provider": "provider.aws",
      "instances": [
        {
          "index_key": 0,
          "schema_version": 0,
          "attributes": {
            "arn": "arn:aws:rds:eu-west-2:819370969351:pg:non-production-db-mysql-20200830141346449700000001",
            "description": "Database parameter group for non-production-db-mysql",
            "family": "mysql5.7",
            "id": "non-production-db-mysql-20200830141346449700000001",
            "name": "non-production-db-mysql-20200830141346449700000001",
            "name_prefix": "non-production-db-mysql-",
            "parameter": [
              {
                "apply_method": "immediate",
                "name": "character_set_client",
                "value": "utf8"
              },
              {
                "apply_method": "immediate",
                "name": "character_set_server",
                "value": "utf8"
              }
            ],
            "tags": {
              "Environment": "non-production",
              "Name": "non-production-db-mysql",
              "Owner": "DevOps"
            }
          },
          "private": "bnVsbA=="
        }
      ]
    },
    {
      "module": "module.rds.module.db_parameter_group",
      "mode": "managed",
      "type": "aws_db_parameter_group",
      "name": "rds_no_prefix",
      "each": "list",
      "provider": "provider.aws",
      "instances": []
    },
    {
      "module": "module.rds.module.db_subnet_group",
      "mode": "managed",
      "type": "aws_db_subnet_group",
      "name": "rds",
      "each": "list",
      "provider": "provider.aws",
      "instances": []
    },
    {
      "module": "module.vpc",
      "mode": "managed",
      "type": "aws_default_network_acl",
      "name": "default_network_acl",
      "each": "list",
      "provider": "provider.aws",
      "instances": []
    },
    {
      "module": "module.vpc",
      "mode": "managed",
      "type": "aws_default_vpc",
      "name": "default_vpc",
      "each": "list",
      "provider": "provider.aws",
      "instances": []
    },
    {
      "module": "module.vpc",
      "mode": "managed",
      "type": "aws_eip",
      "name": "nat",
      "each": "list",
      "provider": "provider.aws",
      "instances": [
        {
          "index_key": 0,
          "schema_version": 0,
          "attributes": {
            "allocation_id": null,
            "associate_with_private_ip": null,
            "association_id": "",
            "customer_owned_ip": "",
            "customer_owned_ipv4_pool": "",
            "domain": "vpc",
            "id": "eipalloc-0a75eba0b8fe1627b",
            "instance": "",
            "network_interface": "",
            "private_dns": null,
            "private_ip": "",
            "public_dns": "ec2-3-8-245-243.eu-west-2.compute.amazonaws.com",
            "public_ip": "3.8.245.243",
            "public_ipv4_pool": "amazon",
            "tags": {
              "Environment": "non-production",
              "Name": "non-production-eu-west-2a",
              "Owner": "DevOps"
            },
            "timeouts": null,
            "vpc": true
          },
          "private": "eyJlMmJmYjczMC1lY2FhLTExZTYtOGY4OC0zNDM2M2JjN2M0YzAiOnsiZGVsZXRlIjoxODAwMDAwMDAwMDAsInJlYWQiOjkwMDAwMDAwMDAwMCwidXBkYXRlIjozMDAwMDAwMDAwMDB9fQ=="
        }
      ]
    },
    {
      "module": "module.elb.module.elb",
      "mode": "managed",
      "type": "aws_elb",
      "name": "default",
      "each": "list",
      "provider": "provider.aws",
      "instances": []
    },
    {
      "module": "module.elb.module.elb_attachment",
      "mode": "managed",
      "type": "aws_elb_attachment",
      "name": "default",
      "each": "list",
      "provider": "provider.aws",
      "instances": []
    },
    {
      "module": "module.rds.module.db_instance",
      "mode": "managed",
      "type": "aws_iam_role",
      "name": "enhanced_monitoring",
      "each": "list",
      "provider": "provider.aws",
      "instances": []
    },
    {
      "module": "module.rds.module.db_instance",
      "mode": "managed",
      "type": "aws_iam_role_policy_attachment",
      "name": "enhanced_monitoring",
      "each": "list",
      "provider": "provider.aws",
      "instances": []
    },
    {
      "mode": "managed",
      "type": "aws_iam_service_linked_role",
      "name": "autoscaling",
      "provider": "provider.aws",
      "instances": [
        {
          "schema_version": 0,
          "attributes": {
            "arn": "arn:aws:iam::819370969351:role/aws-service-role/autoscaling.amazonaws.com/AWSServiceRoleForAutoScaling_something",
            "aws_service_name": "autoscaling.amazonaws.com",
            "create_date": "2020-08-30T14:13:47Z",
            "custom_suffix": "something",
            "description": "A service linked role for autoscaling",
            "id": "arn:aws:iam::819370969351:role/aws-service-role/autoscaling.amazonaws.com/AWSServiceRoleForAutoScaling_something",
            "name": "AWSServiceRoleForAutoScaling_something",
            "path": "/aws-service-role/autoscaling.amazonaws.com/",
            "unique_id": "AROA35RSQZEDWKMXKBQUM"
          },
          "private": "bnVsbA=="
        }
      ]
    },
    {
      "module": "module.vpc",
      "mode": "managed",
      "type": "aws_internet_gateway",
      "name": "internet_gateway",
      "each": "list",
      "provider": "provider.aws",
      "instances": [
        {
          "index_key": 0,
          "schema_version": 0,
          "attributes": {
            "arn": "arn:aws:ec2:eu-west-2:819370969351:internet-gateway/igw-0801da7f277e7cddc",
            "id": "igw-0801da7f277e7cddc",
            "owner_id": "819370969351",
            "tags": {
              "Environment": "non-production",
              "Name": "non-production",
              "Owner": "DevOps"
            },
            "vpc_id": "vpc-0bbf3a918a1bbe1a4"
          },
          "private": "bnVsbA==",
          "dependencies": [
            "module.vpc.aws_vpc.vpc",
            "module.vpc.aws_vpc_ipv4_cidr_block_association.ipv4_cidr_block_association"
          ]
        }
      ]
    },
    {
      "module": "module.ec2",
      "mode": "managed",
      "type": "aws_launch_configuration",
      "name": "default",
      "each": "list",
      "provider": "provider.aws",
      "instances": []
    },
    {
      "module": "module.vpc",
      "mode": "managed",
      "type": "aws_nat_gateway",
      "name": "nat_gateway",
      "each": "list",
      "provider": "provider.aws",
      "instances": []
    },
    {
      "module": "module.vpc",
      "mode": "managed",
      "type": "aws_network_acl",
      "name": "private",
      "each": "list",
      "provider": "provider.aws",
      "instances": []
    },
    {
      "module": "module.vpc",
      "mode": "managed",
      "type": "aws_network_acl",
      "name": "public",
      "each": "list",
      "provider": "provider.aws",
      "instances": []
    },
    {
      "module": "module.vpc",
      "mode": "managed",
      "type": "aws_network_acl_rule",
      "name": "private_inbound",
      "each": "list",
      "provider": "provider.aws",
      "instances": []
    },
    {
      "module": "module.vpc",
      "mode": "managed",
      "type": "aws_network_acl_rule",
      "name": "private_outbound",
      "each": "list",
      "provider": "provider.aws",
      "instances": []
    },
    {
      "module": "module.vpc",
      "mode": "managed",
      "type": "aws_network_acl_rule",
      "name": "public_inbound",
      "each": "list",
      "provider": "provider.aws",
      "instances": []
    },
    {
      "module": "module.vpc",
      "mode": "managed",
      "type": "aws_network_acl_rule",
      "name": "public_outbound",
      "each": "list",
      "provider": "provider.aws",
      "instances": []
    },
    {
      "module": "module.vpc",
      "mode": "managed",
      "type": "aws_route",
      "name": "private_nat_gateway",
      "each": "list",
      "provider": "provider.aws",
      "instances": []
    },
    {
      "module": "module.vpc",
      "mode": "managed",
      "type": "aws_route",
      "name": "public_internet_gateway",
      "each": "list",
      "provider": "provider.aws",
      "instances": [
        {
          "index_key": 0,
          "schema_version": 0,
          "attributes": {
            "destination_cidr_block": "0.0.0.0/0",
            "destination_ipv6_cidr_block": "",
            "destination_prefix_list_id": "",
            "egress_only_gateway_id": "",
            "gateway_id": "igw-0801da7f277e7cddc",
            "id": "r-rtb-012b8b221c215319a1080289494",
            "instance_id": "",
            "instance_owner_id": "",
            "nat_gateway_id": "",
            "network_interface_id": "",
            "origin": "CreateRoute",
            "route_table_id": "rtb-012b8b221c215319a",
            "state": "active",
            "timeouts": {
              "create": "5m",
              "delete": null
            },
            "transit_gateway_id": "",
            "vpc_peering_connection_id": ""
          },
          "private": "eyJlMmJmYjczMC1lY2FhLTExZTYtOGY4OC0zNDM2M2JjN2M0YzAiOnsiY3JlYXRlIjozMDAwMDAwMDAwMDAsImRlbGV0ZSI6MzAwMDAwMDAwMDAwfX0=",
          "dependencies": [
            "module.vpc.aws_internet_gateway.internet_gateway",
            "module.vpc.aws_route_table.public",
            "module.vpc.aws_vpc.vpc",
            "module.vpc.aws_vpc_ipv4_cidr_block_association.ipv4_cidr_block_association"
          ]
        }
      ]
    },
    {
      "module": "module.vpc",
      "mode": "managed",
      "type": "aws_route_table",
      "name": "private",
      "each": "list",
      "provider": "provider.aws",
      "instances": [
        {
          "index_key": 0,
          "schema_version": 0,
          "attributes": {
            "id": "rtb-0276c932e2399146b",
            "owner_id": "819370969351",
            "propagating_vgws": [],
            "route": [],
            "tags": {
              "Environment": "non-production",
              "Name": "non-production-private",
              "Owner": "DevOps"
            },
            "vpc_id": "vpc-0bbf3a918a1bbe1a4"
          },
          "private": "bnVsbA==",
          "dependencies": [
            "module.vpc.aws_vpc.vpc",
            "module.vpc.aws_vpc_ipv4_cidr_block_association.ipv4_cidr_block_association"
          ]
        }
      ]
    },
    {
      "module": "module.vpc",
      "mode": "managed",
      "type": "aws_route_table",
      "name": "public",
      "each": "list",
      "provider": "provider.aws",
      "instances": [
        {
          "index_key": 0,
          "schema_version": 0,
          "attributes": {
            "id": "rtb-012b8b221c215319a",
            "owner_id": "819370969351",
            "propagating_vgws": [],
            "route": [],
            "tags": {
              "Environment": "non-production",
              "Name": "non-production-public",
              "Owner": "DevOps"
            },
            "vpc_id": "vpc-0bbf3a918a1bbe1a4"
          },
          "private": "bnVsbA==",
          "dependencies": [
            "module.vpc.aws_vpc.vpc",
            "module.vpc.aws_vpc_ipv4_cidr_block_association.ipv4_cidr_block_association"
          ]
        }
      ]
    },
    {
      "module": "module.vpc",
      "mode": "managed",
      "type": "aws_route_table_association",
      "name": "private",
      "each": "list",
      "provider": "provider.aws",
      "instances": []
    },
    {
      "module": "module.vpc",
      "mode": "managed",
      "type": "aws_route_table_association",
      "name": "public",
      "each": "list",
      "provider": "provider.aws",
      "instances": []
    },
    {
      "mode": "managed",
      "type": "aws_security_group",
      "name": "http",
      "provider": "provider.aws",
      "instances": [
        {
          "schema_version": 1,
          "attributes": {
            "arn": "arn:aws:ec2:eu-west-2:819370969351:security-group/sg-0acffea1f7275cd6b",
            "description": "Managed by Terraform",
            "egress": [
              {
                "cidr_blocks": [
                  "0.0.0.0/0"
                ],
                "description": "",
                "from_port": 0,
                "ipv6_cidr_blocks": [],
                "prefix_list_ids": [],
                "protocol": "-1",
                "security_groups": [],
                "self": false,
                "to_port": 0
              }
            ],
            "id": "sg-0acffea1f7275cd6b",
            "ingress": [
              {
                "cidr_blocks": [
                  "0.0.0.0/0"
                ],
                "description": "Security group with HTTP ports open for everybody (IPv4 CIDR), egress ports are all world open",
                "from_port": 80,
                "ipv6_cidr_blocks": [],
                "prefix_list_ids": [],
                "protocol": "tcp",
                "security_groups": [],
                "self": false,
                "to_port": 80
              }
            ],
            "name": "http",
            "name_prefix": null,
            "owner_id": "819370969351",
            "revoke_rules_on_delete": false,
            "tags": {
              "Name": "HTTP"
            },
            "timeouts": null,
            "vpc_id": "vpc-0bbf3a918a1bbe1a4"
          },
          "private": "eyJlMmJmYjczMC1lY2FhLTExZTYtOGY4OC0zNDM2M2JjN2M0YzAiOnsiY3JlYXRlIjo2MDAwMDAwMDAwMDAsImRlbGV0ZSI6NjAwMDAwMDAwMDAwfSwic2NoZW1hX3ZlcnNpb24iOiIxIn0=",
          "dependencies": [
            "module.vpc.aws_vpc.vpc"
          ]
        }
      ]
    },
    {
      "mode": "managed",
      "type": "aws_security_group",
      "name": "https",
      "provider": "provider.aws",
      "instances": [
        {
          "schema_version": 1,
          "attributes": {
            "arn": "arn:aws:ec2:eu-west-2:819370969351:security-group/sg-058daeeb7009fa1e1",
            "description": "Managed by Terraform",
            "egress": [
              {
                "cidr_blocks": [
                  "0.0.0.0/0"
                ],
                "description": "",
                "from_port": 0,
                "ipv6_cidr_blocks": [],
                "prefix_list_ids": [],
                "protocol": "-1",
                "security_groups": [],
                "self": false,
                "to_port": 0
              }
            ],
            "id": "sg-058daeeb7009fa1e1",
            "ingress": [
              {
                "cidr_blocks": [
                  "0.0.0.0/0"
                ],
                "description": "Security group with HTTPS ports open for everybody (IPv4 CIDR), egress ports are all world open",
                "from_port": 443,
                "ipv6_cidr_blocks": [],
                "prefix_list_ids": [],
                "protocol": "tcp",
                "security_groups": [],
                "self": false,
                "to_port": 443
              }
            ],
            "name": "https",
            "name_prefix": null,
            "owner_id": "819370969351",
            "revoke_rules_on_delete": false,
            "tags": {
              "Name": "HTTPS"
            },
            "timeouts": null,
            "vpc_id": "vpc-0bbf3a918a1bbe1a4"
          },
          "private": "eyJlMmJmYjczMC1lY2FhLTExZTYtOGY4OC0zNDM2M2JjN2M0YzAiOnsiY3JlYXRlIjo2MDAwMDAwMDAwMDAsImRlbGV0ZSI6NjAwMDAwMDAwMDAwfSwic2NoZW1hX3ZlcnNpb24iOiIxIn0=",
          "dependencies": [
            "module.vpc.aws_vpc.vpc"
          ]
        }
      ]
    },
    {
      "mode": "managed",
      "type": "aws_security_group",
      "name": "mysql",
      "provider": "provider.aws",
      "instances": [
        {
          "schema_version": 1,
          "attributes": {
            "arn": "arn:aws:ec2:eu-west-2:819370969351:security-group/sg-0d90eab412f63abc7",
            "description": "Managed by Terraform",
            "egress": [
              {
                "cidr_blocks": [
                  "0.0.0.0/0"
                ],
                "description": "",
                "from_port": 0,
                "ipv6_cidr_blocks": [],
                "prefix_list_ids": [],
                "protocol": "-1",
                "security_groups": [],
                "self": false,
                "to_port": 0
              }
            ],
            "id": "sg-0d90eab412f63abc7",
            "ingress": [
              {
                "cidr_blocks": [
                  "10.10.0.0/16"
                ],
                "description": "Security group with MySQL ports,  Allow ingress rules to be accessed only within current VPC.",
                "from_port": 3306,
                "ipv6_cidr_blocks": [],
                "prefix_list_ids": [],
                "protocol": "tcp",
                "security_groups": [],
                "self": false,
                "to_port": 3306
              }
            ],
            "name": "mysql",
            "name_prefix": null,
            "owner_id": "819370969351",
            "revoke_rules_on_delete": false,
            "tags": {
              "Name": "MySQL"
            },
            "timeouts": null,
            "vpc_id": "vpc-0bbf3a918a1bbe1a4"
          },
          "private": "eyJlMmJmYjczMC1lY2FhLTExZTYtOGY4OC0zNDM2M2JjN2M0YzAiOnsiY3JlYXRlIjo2MDAwMDAwMDAwMDAsImRlbGV0ZSI6NjAwMDAwMDAwMDAwfSwic2NoZW1hX3ZlcnNpb24iOiIxIn0=",
          "dependencies": [
            "module.vpc.aws_vpc.vpc"
          ]
        }
      ]
    },
    {
      "mode": "managed",
      "type": "aws_security_group",
      "name": "ssh",
      "provider": "provider.aws",
      "instances": [
        {
          "schema_version": 1,
          "attributes": {
            "arn": "arn:aws:ec2:eu-west-2:819370969351:security-group/sg-0c758715542191b0e",
            "description": "Managed by Terraform",
            "egress": [
              {
                "cidr_blocks": [
                  "0.0.0.0/0"
                ],
                "description": "",
                "from_port": 0,
                "ipv6_cidr_blocks": [],
                "prefix_list_ids": [],
                "protocol": "-1",
                "security_groups": [],
                "self": false,
                "to_port": 0
              }
            ],
            "id": "sg-0c758715542191b0e",
            "ingress": [
              {
                "cidr_blocks": [
                  "0.0.0.0/0"
                ],
                "description": "Security group with SSH ports open for everybody (IPv4 CIDR), egress ports are all world open",
                "from_port": 22,
                "ipv6_cidr_blocks": [],
                "prefix_list_ids": [],
                "protocol": "tcp",
                "security_groups": [],
                "self": false,
                "to_port": 22
              }
            ],
            "name": "ssh",
            "name_prefix": null,
            "owner_id": "819370969351",
            "revoke_rules_on_delete": false,
            "tags": {
              "Name": "SSH"
            },
            "timeouts": null,
            "vpc_id": "vpc-0bbf3a918a1bbe1a4"
          },
          "private": "eyJlMmJmYjczMC1lY2FhLTExZTYtOGY4OC0zNDM2M2JjN2M0YzAiOnsiY3JlYXRlIjo2MDAwMDAwMDAwMDAsImRlbGV0ZSI6NjAwMDAwMDAwMDAwfSwic2NoZW1hX3ZlcnNpb24iOiIxIn0=",
          "dependencies": [
            "module.vpc.aws_vpc.vpc"
          ]
        }
      ]
    },
    {
      "module": "module.vpc",
      "mode": "managed",
      "type": "aws_subnet",
      "name": "private",
      "each": "list",
      "provider": "provider.aws",
      "instances": [
        {
          "index_key": 0,
          "schema_version": 1,
          "attributes": {
            "arn": "arn:aws:ec2:eu-west-2:819370969351:subnet/subnet-09cb90c239cd2b238",
            "assign_ipv6_address_on_creation": false,
            "availability_zone": "eu-west-2a",
            "availability_zone_id": "euw2-az2",
            "cidr_block": "10.10.11.0/24",
            "id": "subnet-09cb90c239cd2b238",
            "ipv6_cidr_block": "",
            "ipv6_cidr_block_association_id": "",
            "map_public_ip_on_launch": false,
            "outpost_arn": "",
            "owner_id": "819370969351",
            "tags": {
              "Environment": "non-production",
              "Name": "non-production-private-eu-west-2a",
              "NetworkZone": "private",
              "Owner": "DevOps"
            },
            "timeouts": null,
            "vpc_id": "vpc-0bbf3a918a1bbe1a4"
          },
          "private": "eyJlMmJmYjczMC1lY2FhLTExZTYtOGY4OC0zNDM2M2JjN2M0YzAiOnsiY3JlYXRlIjo2MDAwMDAwMDAwMDAsImRlbGV0ZSI6MTIwMDAwMDAwMDAwMH0sInNjaGVtYV92ZXJzaW9uIjoiMSJ9",
          "dependencies": [
            "module.vpc.aws_vpc.vpc",
            "module.vpc.aws_vpc_ipv4_cidr_block_association.ipv4_cidr_block_association"
          ]
        },
        {
          "index_key": 2,
          "schema_version": 1,
          "attributes": {
            "arn": "arn:aws:ec2:eu-west-2:819370969351:subnet/subnet-0a98cb625a18ce9db",
            "assign_ipv6_address_on_creation": false,
            "availability_zone": "eu-west-2c",
            "availability_zone_id": "euw2-az1",
            "cidr_block": "10.10.31.0/24",
            "id": "subnet-0a98cb625a18ce9db",
            "ipv6_cidr_block": "",
            "ipv6_cidr_block_association_id": "",
            "map_public_ip_on_launch": false,
            "outpost_arn": "",
            "owner_id": "819370969351",
            "tags": {
              "Environment": "non-production",
              "Name": "non-production-private-eu-west-2c",
              "NetworkZone": "private",
              "Owner": "DevOps"
            },
            "timeouts": null,
            "vpc_id": "vpc-0bbf3a918a1bbe1a4"
          },
          "private": "eyJlMmJmYjczMC1lY2FhLTExZTYtOGY4OC0zNDM2M2JjN2M0YzAiOnsiY3JlYXRlIjo2MDAwMDAwMDAwMDAsImRlbGV0ZSI6MTIwMDAwMDAwMDAwMH0sInNjaGVtYV92ZXJzaW9uIjoiMSJ9",
          "dependencies": [
            "module.vpc.aws_vpc.vpc",
            "module.vpc.aws_vpc_ipv4_cidr_block_association.ipv4_cidr_block_association"
          ]
        }
      ]
    },
    {
      "module": "module.vpc",
      "mode": "managed",
      "type": "aws_subnet",
      "name": "public",
      "each": "list",
      "provider": "provider.aws",
      "instances": [
        {
          "index_key": 0,
          "schema_version": 1,
          "attributes": {
            "arn": "arn:aws:ec2:eu-west-2:819370969351:subnet/subnet-034162f9afe65d4dc",
            "assign_ipv6_address_on_creation": false,
            "availability_zone": "eu-west-2a",
            "availability_zone_id": "euw2-az2",
            "cidr_block": "10.10.10.0/24",
            "id": "subnet-034162f9afe65d4dc",
            "ipv6_cidr_block": "",
            "ipv6_cidr_block_association_id": "",
            "map_public_ip_on_launch": true,
            "outpost_arn": "",
            "owner_id": "819370969351",
            "tags": {
              "Environment": "non-production",
              "Name": "non-production-public-eu-west-2a",
              "NetworkZone": "public",
              "Owner": "DevOps"
            },
            "timeouts": null,
            "vpc_id": "vpc-0bbf3a918a1bbe1a4"
          },
          "private": "eyJlMmJmYjczMC1lY2FhLTExZTYtOGY4OC0zNDM2M2JjN2M0YzAiOnsiY3JlYXRlIjo2MDAwMDAwMDAwMDAsImRlbGV0ZSI6MTIwMDAwMDAwMDAwMH0sInNjaGVtYV92ZXJzaW9uIjoiMSJ9",
          "dependencies": [
            "module.vpc.aws_vpc.vpc",
            "module.vpc.aws_vpc_ipv4_cidr_block_association.ipv4_cidr_block_association"
          ]
        },
        {
          "index_key": 2,
          "schema_version": 1,
          "attributes": {
            "arn": "arn:aws:ec2:eu-west-2:819370969351:subnet/subnet-012a5f3a4f4ce7f7f",
            "assign_ipv6_address_on_creation": false,
            "availability_zone": "eu-west-2c",
            "availability_zone_id": "euw2-az1",
            "cidr_block": "10.10.30.0/24",
            "id": "subnet-012a5f3a4f4ce7f7f",
            "ipv6_cidr_block": "",
            "ipv6_cidr_block_association_id": "",
            "map_public_ip_on_launch": true,
            "outpost_arn": "",
            "owner_id": "819370969351",
            "tags": {
              "Environment": "non-production",
              "Name": "non-production-public-eu-west-2c",
              "NetworkZone": "public",
              "Owner": "DevOps"
            },
            "timeouts": null,
            "vpc_id": "vpc-0bbf3a918a1bbe1a4"
          },
          "private": "eyJlMmJmYjczMC1lY2FhLTExZTYtOGY4OC0zNDM2M2JjN2M0YzAiOnsiY3JlYXRlIjo2MDAwMDAwMDAwMDAsImRlbGV0ZSI6MTIwMDAwMDAwMDAwMH0sInNjaGVtYV92ZXJzaW9uIjoiMSJ9",
          "dependencies": [
            "module.vpc.aws_vpc.vpc",
            "module.vpc.aws_vpc_ipv4_cidr_block_association.ipv4_cidr_block_association"
          ]
        }
      ]
    },
    {
      "module": "module.vpc",
      "mode": "managed",
      "type": "aws_vpc",
      "name": "vpc",
      "each": "list",
      "provider": "provider.aws",
      "instances": [
        {
          "index_key": 0,
          "schema_version": 1,
          "attributes": {
            "arn": "arn:aws:ec2:eu-west-2:819370969351:vpc/vpc-0bbf3a918a1bbe1a4",
            "assign_generated_ipv6_cidr_block": false,
            "cidr_block": "10.10.0.0/16",
            "default_network_acl_id": "acl-02869f744253ea892",
            "default_route_table_id": "rtb-0b691a7294ab26d01",
            "default_security_group_id": "sg-06f22447110091d0c",
            "dhcp_options_id": "dopt-6cf2b904",
            "enable_classiclink": null,
            "enable_classiclink_dns_support": null,
            "enable_dns_hostnames": true,
            "enable_dns_support": true,
            "id": "vpc-0bbf3a918a1bbe1a4",
            "instance_tenancy": "default",
            "ipv6_association_id": "",
            "ipv6_cidr_block": "",
            "main_route_table_id": "rtb-0b691a7294ab26d01",
            "owner_id": "819370969351",
            "tags": {
              "Environment": "non-production",
              "Name": "non-production",
              "Owner": "DevOps"
            }
          },
          "private": "eyJzY2hlbWFfdmVyc2lvbiI6IjEifQ=="
        }
      ]
    },
    {
      "module": "module.vpc",
      "mode": "managed",
      "type": "aws_vpc_ipv4_cidr_block_association",
      "name": "ipv4_cidr_block_association",
      "each": "list",
      "provider": "provider.aws",
      "instances": []
    },
    {
      "module": "module.ec2",
      "mode": "managed",
      "type": "null_resource",
      "name": "tags_as_list_of_maps",
      "each": "list",
      "provider": "provider.null",
      "instances": []
    },
    {
      "module": "module.ec2",
      "mode": "managed",
      "type": "random_pet",
      "name": "asg_name",
      "each": "list",
      "provider": "provider.random",
      "instances": []
    }
  ]
}
